// !$*UTF8*$!
{
	archiveVersion = 1;
	classes = {
	};
	objectVersion = 46;
	objects = {

/* Begin PBXBuildFile section */
		1150844915FA7470005A86A7 /* UIKit.framework in Frameworks */ = {isa = PBXBuildFile; fileRef = 1150844815FA7470005A86A7 /* UIKit.framework */; };
		1150844B15FA7470005A86A7 /* Foundation.framework in Frameworks */ = {isa = PBXBuildFile; fileRef = 1150844A15FA7470005A86A7 /* Foundation.framework */; };
		1150844D15FA7470005A86A7 /* CoreGraphics.framework in Frameworks */ = {isa = PBXBuildFile; fileRef = 1150844C15FA7470005A86A7 /* CoreGraphics.framework */; };
		1150845315FA7470005A86A7 /* InfoPlist.strings in Resources */ = {isa = PBXBuildFile; fileRef = 1150845115FA7470005A86A7 /* InfoPlist.strings */; };
		1150845515FA7470005A86A7 /* main.m in Sources */ = {isa = PBXBuildFile; fileRef = 1150845415FA7470005A86A7 /* main.m */; };
		1150845915FA7470005A86A7 /* AppDelegate.m in Sources */ = {isa = PBXBuildFile; fileRef = 1150845815FA7470005A86A7 /* AppDelegate.m */; };
		1150845C15FA7470005A86A7 /* ViewController.m in Sources */ = {isa = PBXBuildFile; fileRef = 1150845B15FA7470005A86A7 /* ViewController.m */; };
		1150845F15FA7470005A86A7 /* ViewController_iPhone.xib in Resources */ = {isa = PBXBuildFile; fileRef = 1150845D15FA7470005A86A7 /* ViewController_iPhone.xib */; };
		1150846215FA7470005A86A7 /* ViewController_iPad.xib in Resources */ = {isa = PBXBuildFile; fileRef = 1150846015FA7470005A86A7 /* ViewController_iPad.xib */; };
		1150846E15FA7F69005A86A7 /* Calculator.m in Sources */ = {isa = PBXBuildFile; fileRef = 1150846D15FA7F69005A86A7 /* Calculator.m */; };
		117BC5B616115BD7000049AC /* Default-568h@2x.png in Resources */ = {isa = PBXBuildFile; fileRef = 117BC5B516115BD7000049AC /* Default-568h@2x.png */; };
		117BC5B916115D6B000049AC /* Button.png in Resources */ = {isa = PBXBuildFile; fileRef = 117BC5B716115D6B000049AC /* Button.png */; };
		117BC5BA16115D6B000049AC /* ButtonHighlighted.png in Resources */ = {isa = PBXBuildFile; fileRef = 117BC5B816115D6B000049AC /* ButtonHighlighted.png */; };
/* End PBXBuildFile section */

/* Begin PBXFileReference section */
		1150844415FA7470005A86A7 /* PushButtonCalculator.app */ = {isa = PBXFileReference; explicitFileType = wrapper.application; includeInIndex = 0; path = PushButtonCalculator.app; sourceTree = BUILT_PRODUCTS_DIR; };
		1150844815FA7470005A86A7 /* UIKit.framework */ = {isa = PBXFileReference; lastKnownFileType = wrapper.framework; name = UIKit.framework; path = System/Library/Frameworks/UIKit.framework; sourceTree = SDKROOT; };
		1150844A15FA7470005A86A7 /* Foundation.framework */ = {isa = PBXFileReference; lastKnownFileType = wrapper.framework; name = Foundation.framework; path = System/Library/Frameworks/Foundation.framework; sourceTree = SDKROOT; };
		1150844C15FA7470005A86A7 /* CoreGraphics.framework */ = {isa = PBXFileReference; lastKnownFileType = wrapper.framework; name = CoreGraphics.framework; path = System/Library/Frameworks/CoreGraphics.framework; sourceTree = SDKROOT; };
		1150845015FA7470005A86A7 /* PushButtonCalculator-Info.plist */ = {isa = PBXFileReference; lastKnownFileType = text.plist.xml; path = "PushButtonCalculator-Info.plist"; sourceTree = "<group>"; };
		1150845215FA7470005A86A7 /* en */ = {isa = PBXFileReference; lastKnownFileType = text.plist.strings; name = en; path = en.lproj/InfoPlist.strings; sourceTree = "<group>"; };
		1150845415FA7470005A86A7 /* main.m */ = {isa = PBXFileReference; lastKnownFileType = sourcecode.c.objc; path = main.m; sourceTree = "<group>"; };
		1150845615FA7470005A86A7 /* PushButtonCalculator-Prefix.pch */ = {isa = PBXFileReference; lastKnownFileType = sourcecode.c.h; path = "PushButtonCalculator-Prefix.pch"; sourceTree = "<group>"; };
		1150845715FA7470005A86A7 /* AppDelegate.h */ = {isa = PBXFileReference; lastKnownFileType = sourcecode.c.h; path = AppDelegate.h; sourceTree = "<group>"; };
		1150845815FA7470005A86A7 /* AppDelegate.m */ = {isa = PBXFileReference; lastKnownFileType = sourcecode.c.objc; path = AppDelegate.m; sourceTree = "<group>"; };
		1150845A15FA7470005A86A7 /* ViewController.h */ = {isa = PBXFileReference; lastKnownFileType = sourcecode.c.h; path = ViewController.h; sourceTree = "<group>"; };
		1150845B15FA7470005A86A7 /* ViewController.m */ = {isa = PBXFileReference; lastKnownFileType = sourcecode.c.objc; path = ViewController.m; sourceTree = "<group>"; };
		1150845E15FA7470005A86A7 /* en */ = {isa = PBXFileReference; lastKnownFileType = file.xib; name = en; path = en.lproj/ViewController_iPhone.xib; sourceTree = "<group>"; };
		1150846115FA7470005A86A7 /* en */ = {isa = PBXFileReference; lastKnownFileType = file.xib; name = en; path = en.lproj/ViewController_iPad.xib; sourceTree = "<group>"; };
		1150846C15FA7F69005A86A7 /* Calculator.h */ = {isa = PBXFileReference; fileEncoding = 4; lastKnownFileType = sourcecode.c.h; path = Calculator.h; sourceTree = "<group>"; };
		1150846D15FA7F69005A86A7 /* Calculator.m */ = {isa = PBXFileReference; fileEncoding = 4; lastKnownFileType = sourcecode.c.objc; path = Calculator.m; sourceTree = "<group>"; };
		117BC5B516115BD7000049AC /* Default-568h@2x.png */ = {isa = PBXFileReference; lastKnownFileType = image.png; path = "Default-568h@2x.png"; sourceTree = "<group>"; };
		117BC5B716115D6B000049AC /* Button.png */ = {isa = PBXFileReference; lastKnownFileType = image.png; path = Button.png; sourceTree = "<group>"; };
		117BC5B816115D6B000049AC /* ButtonHighlighted.png */ = {isa = PBXFileReference; lastKnownFileType = image.png; path = ButtonHighlighted.png; sourceTree = "<group>"; };
/* End PBXFileReference section */

/* Begin PBXFrameworksBuildPhase section */
		1150844115FA7470005A86A7 /* Frameworks */ = {
			isa = PBXFrameworksBuildPhase;
			buildActionMask = 2147483647;
			files = (
				1150844915FA7470005A86A7 /* UIKit.framework in Frameworks */,
				1150844B15FA7470005A86A7 /* Foundation.framework in Frameworks */,
				1150844D15FA7470005A86A7 /* CoreGraphics.framework in Frameworks */,
			);
			runOnlyForDeploymentPostprocessing = 0;
		};
/* End PBXFrameworksBuildPhase section */

/* Begin PBXGroup section */
		1150843915FA7470005A86A7 = {
			isa = PBXGroup;
			children = (
				117BC5B516115BD7000049AC /* Default-568h@2x.png */,
				1150844E15FA7470005A86A7 /* PushButtonCalculator */,
				1150844715FA7470005A86A7 /* Frameworks */,
				1150844515FA7470005A86A7 /* Products */,
			);
			sourceTree = "<group>";
		};
		1150844515FA7470005A86A7 /* Products */ = {
			isa = PBXGroup;
			children = (
				1150844415FA7470005A86A7 /* PushButtonCalculator.app */,
			);
			name = Products;
			sourceTree = "<group>";
		};
		1150844715FA7470005A86A7 /* Frameworks */ = {
			isa = PBXGroup;
			children = (
				1150844815FA7470005A86A7 /* UIKit.framework */,
				1150844A15FA7470005A86A7 /* Foundation.framework */,
				1150844C15FA7470005A86A7 /* CoreGraphics.framework */,
			);
			name = Frameworks;
			sourceTree = "<group>";
		};
		1150844E15FA7470005A86A7 /* PushButtonCalculator */ = {
			isa = PBXGroup;
			children = (
				1150845715FA7470005A86A7 /* AppDelegate.h */,
				1150845815FA7470005A86A7 /* AppDelegate.m */,
				1150845A15FA7470005A86A7 /* ViewController.h */,
				1150845B15FA7470005A86A7 /* ViewController.m */,
				1150845D15FA7470005A86A7 /* ViewController_iPhone.xib */,
				1150846015FA7470005A86A7 /* ViewController_iPad.xib */,
				1150846C15FA7F69005A86A7 /* Calculator.h */,
				1150846D15FA7F69005A86A7 /* Calculator.m */,
				1150844F15FA7470005A86A7 /* Supporting Files */,
			);
			path = PushButtonCalculator;
			sourceTree = "<group>";
		};
		1150844F15FA7470005A86A7 /* Supporting Files */ = {
			isa = PBXGroup;
			children = (
				117BC5B716115D6B000049AC /* Button.png */,
				117BC5B816115D6B000049AC /* ButtonHighlighted.png */,
				1150845015FA7470005A86A7 /* PushButtonCalculator-Info.plist */,
				1150845115FA7470005A86A7 /* InfoPlist.strings */,
				1150845415FA7470005A86A7 /* main.m */,
				1150845615FA7470005A86A7 /* PushButtonCalculator-Prefix.pch */,
			);
			name = "Supporting Files";
			sourceTree = "<group>";
		};
/* End PBXGroup section */

/* Begin PBXNativeTarget section */
		1150844315FA7470005A86A7 /* PushButtonCalculator */ = {
			isa = PBXNativeTarget;
			buildConfigurationList = 1150846515FA7470005A86A7 /* Build configuration list for PBXNativeTarget "PushButtonCalculator" */;
			buildPhases = (
				1150844015FA7470005A86A7 /* Sources */,
				1150844115FA7470005A86A7 /* Frameworks */,
				1150844215FA7470005A86A7 /* Resources */,
			);
			buildRules = (
			);
			dependencies = (
			);
			name = PushButtonCalculator;
			productName = PushButtonCalculator;
			productReference = 1150844415FA7470005A86A7 /* PushButtonCalculator.app */;
			productType = "com.apple.product-type.application";
		};
/* End PBXNativeTarget section */

/* Begin PBXProject section */
		1150843B15FA7470005A86A7 /* Project object */ = {
			isa = PBXProject;
			attributes = {
				LastUpgradeCheck = 0440;
				ORGANIZATIONNAME = Cassie;
			};
			buildConfigurationList = 1150843E15FA7470005A86A7 /* Build configuration list for PBXProject "PushButtonCalculator" */;
			compatibilityVersion = "Xcode 3.2";
			developmentRegion = English;
			hasScannedForEncodings = 0;
			knownRegions = (
				en,
			);
			mainGroup = 1150843915FA7470005A86A7;
			productRefGroup = 1150844515FA7470005A86A7 /* Products */;
			projectDirPath = "";
			projectRoot = "";
			targets = (
				1150844315FA7470005A86A7 /* PushButtonCalculator */,
			);
		};
/* End PBXProject section */

/* Begin PBXResourcesBuildPhase section */
		1150844215FA7470005A86A7 /* Resources */ = {
			isa = PBXResourcesBuildPhase;
			buildActionMask = 2147483647;
			files = (
				1150845315FA7470005A86A7 /* InfoPlist.strings in Resources */,
				1150845F15FA7470005A86A7 /* ViewController_iPhone.xib in Resources */,
				1150846215FA7470005A86A7 /* ViewController_iPad.xib in Resources */,
				117BC5B616115BD7000049AC /* Default-568h@2x.png in Resources */,
				117BC5B916115D6B000049AC /* Button.png in Resources */,
				117BC5BA16115D6B000049AC /* ButtonHighlighted.png in Resources */,
			);
			runOnlyForDeploymentPostprocessing = 0;
		};
/* End PBXResourcesBuildPhase section */

/* Begin PBXSourcesBuildPhase section */
		1150844015FA7470005A86A7 /* Sources */ = {
			isa = PBXSourcesBuildPhase;
			buildActionMask = 2147483647;
			files = (
				1150845515FA7470005A86A7 /* main.m in Sources */,
				1150845915FA7470005A86A7 /* AppDelegate.m in Sources */,
				1150845C15FA7470005A86A7 /* ViewController.m in Sources */,
				1150846E15FA7F69005A86A7 /* Calculator.m in Sources */,
			);
			runOnlyForDeploymentPostprocessing = 0;
		};
/* End PBXSourcesBuildPhase section */

/* Begin PBXVariantGroup section */
		1150845115FA7470005A86A7 /* InfoPlist.strings */ = {
			isa = PBXVariantGroup;
			children = (
				1150845215FA7470005A86A7 /* en */,
			);
			name = InfoPlist.strings;
			sourceTree = "<group>";
		};
		1150845D15FA7470005A86A7 /* ViewController_iPhone.xib */ = {
			isa = PBXVariantGroup;
			children = (
				1150845E15FA7470005A86A7 /* en */,
			);
			name = ViewController_iPhone.xib;
			sourceTree = "<group>";
		};
		1150846015FA7470005A86A7 /* ViewController_iPad.xib */ = {
			isa = PBXVariantGroup;
			children = (
				1150846115FA7470005A86A7 /* en */,
			);
			name = ViewController_iPad.xib;
			sourceTree = "<group>";
		};
/* End PBXVariantGroup section */

/* Begin XCBuildConfiguration section */
		1150846315FA7470005A86A7 /* Debug */ = {
			isa = XCBuildConfiguration;
			buildSettings = {
				ALWAYS_SEARCH_USER_PATHS = NO;
				ARCHS = "$(ARCHS_STANDARD_32_BIT)";
				CLANG_CXX_LANGUAGE_STANDARD = "gnu++0x";
				CLANG_WARN__DUPLICATE_METHOD_MATCH = YES;
				"CODE_SIGN_IDENTITY[sdk=iphoneos*]" = "iPhone Developer";
				COPY_PHASE_STRIP = NO;
				GCC_C_LANGUAGE_STANDARD = gnu99;
				GCC_DYNAMIC_NO_PIC = NO;
				GCC_OPTIMIZATION_LEVEL = 0;
				GCC_PREPROCESSOR_DEFINITIONS = (
					"DEBUG=1",
					"$(inherited)",
				);
				GCC_SYMBOLS_PRIVATE_EXTERN = NO;
				GCC_VERSION = com.apple.compilers.llvm.clang.1_0;
				GCC_WARN_ABOUT_RETURN_TYPE = YES;
				GCC_WARN_UNINITIALIZED_AUTOS = YES;
				GCC_WARN_UNUSED_VARIABLE = YES;
				IPHONEOS_DEPLOYMENT_TARGET = 5.1;
				SDKROOT = iphoneos;
				TARGETED_DEVICE_FAMILY = "1,2";
			};
			name = Debug;
		};
		1150846415FA7470005A86A7 /* Release */ = {
			isa = XCBuildConfiguration;
			buildSettings = {
				ALWAYS_SEARCH_USER_PATHS = NO;
				ARCHS = "$(ARCHS_STANDARD_32_BIT)";
				CLANG_CXX_LANGUAGE_STANDARD = "gnu++0x";
				CLANG_WARN__DUPLICATE_METHOD_MATCH = YES;
				"CODE_SIGN_IDENTITY[sdk=iphoneos*]" = "iPhone Developer";
				COPY_PHASE_STRIP = YES;
				GCC_C_LANGUAGE_STANDARD = gnu99;
				GCC_VERSION = com.apple.compilers.llvm.clang.1_0;
				GCC_WARN_ABOUT_RETURN_TYPE = YES;
				GCC_WARN_UNINITIALIZED_AUTOS = YES;
				GCC_WARN_UNUSED_VARIABLE = YES;
				IPHONEOS_DEPLOYMENT_TARGET = 5.1;
				OTHER_CFLAGS = "-DNS_BLOCK_ASSERTIONS=1";
				SDKROOT = iphoneos;
				TARGETED_DEVICE_FAMILY = "1,2";
				VALIDATE_PRODUCT = YES;
			};
			name = Release;
		};
		1150846615FA7470005A86A7 /* Debug */ = {
			isa = XCBuildConfiguration;
			buildSettings = {
				GCC_PRECOMPILE_PREFIX_HEADER = YES;
				GCC_PREFIX_HEADER = "PushButtonCalculator/PushButtonCalculator-Prefix.pch";
				INFOPLIST_FILE = "PushButtonCalculator/PushButtonCalculator-Info.plist";
				IPHONEOS_DEPLOYMENT_TARGET = 5.1;
				PRODUCT_NAME = "$(TARGET_NAME)";
				TARGETED_DEVICE_FAMILY = "1,2";
				WRAPPER_EXTENSION = app;
			};
			name = Debug;
		};
		1150846715FA7470005A86A7 /* Release */ = {
			isa = XCBuildConfiguration;
			buildSettings = {
				GCC_PRECOMPILE_PREFIX_HEADER = YES;
				GCC_PREFIX_HEADER = "PushButtonCalculator/PushButtonCalculator-Prefix.pch";
				INFOPLIST_FILE = "PushButtonCalculator/PushButtonCalculator-Info.plist";
				IPHONEOS_DEPLOYMENT_TARGET = 5.1;
				PRODUCT_NAME = "$(TARGET_NAME)";
				TARGETED_DEVICE_FAMILY = "1,2";
				WRAPPER_EXTENSION = app;
			};
			name = Release;
		};
/* End XCBuildConfiguration section */

/* Begin XCConfigurationList section */
		1150843E15FA7470005A86A7 /* Build configuration list for PBXProject "PushButtonCalculator" */ = {
			isa = XCConfigurationList;
			buildConfigurations = (
				1150846315FA7470005A86A7 /* Debug */,
				1150846415FA7470005A86A7 /* Release */,
			);
			defaultConfigurationIsVisible = 0;
			defaultConfigurationName = Release;
		};
		1150846515FA7470005A86A7 /* Build configuration list for PBXNativeTarget "PushButtonCalculator" */ = {
			isa = XCConfigurationList;
			buildConfigurations = (
				1150846615FA7470005A86A7 /* Debug */,
				1150846715FA7470005A86A7 /* Release */,
			);
			defaultConfigurationIsVisible = 0;
			defaultConfigurationName = Release;
		};
/* End XCConfigurationList section */
	};
	rootObject = 1150843B15FA7470005A86A7 /* Project object */;
}
